// !$*UTF8*$!
{
	archiveVersion = 1;
	classes = {
	};
	objectVersion = 56;
	objects = {

/* Begin PBXBuildFile section */
		0305404E2B3D53D30009DD26 /* FitBuddyApp.swift in Sources */ = {isa = PBXBuildFile; fileRef = 0305404D2B3D53D30009DD26 /* FitBuddyApp.swift */; };
		030540502B3D53D30009DD26 /* ContentView.swift in Sources */ = {isa = PBXBuildFile; fileRef = 0305404F2B3D53D30009DD26 /* ContentView.swift */; };
		030540522B3D53D50009DD26 /* Assets.xcassets in Resources */ = {isa = PBXBuildFile; fileRef = 030540512B3D53D50009DD26 /* Assets.xcassets */; };
		030540552B3D53D50009DD26 /* Preview Assets.xcassets in Resources */ = {isa = PBXBuildFile; fileRef = 030540542B3D53D50009DD26 /* Preview Assets.xcassets */; };
		031EE2362BA9F69E00035AFD /* DownloadView.swift in Sources */ = {isa = PBXBuildFile; fileRef = 031EE2352BA9F69D00035AFD /* DownloadView.swift */; };
		031EE23A2BAC703E00035AFD /* CHCSVParser.m in Sources */ = {isa = PBXBuildFile; fileRef = 031EE2382BAC703D00035AFD /* CHCSVParser.m */; };
		031EE23C2BAC773C00035AFD /* JointAngleDTO.swift in Sources */ = {isa = PBXBuildFile; fileRef = 031EE23B2BAC773C00035AFD /* JointAngleDTO.swift */; };
		031EE23F2BB48C3500035AFD /* JointsTrainingDTO.swift in Sources */ = {isa = PBXBuildFile; fileRef = 031EE23E2BB48C3500035AFD /* JointsTrainingDTO.swift */; };
		031EE2432BB7048000035AFD /* my_model.mlpackage in Sources */ = {isa = PBXBuildFile; fileRef = 031EE2422BB7048000035AFD /* my_model.mlpackage */; };
		035BBB622B70C9C400D47AD9 /* SkeletonJoint.swift in Sources */ = {isa = PBXBuildFile; fileRef = 035BBB612B70C9C400D47AD9 /* SkeletonJoint.swift */; };
		035BBB642B70C9D400D47AD9 /* SkeletonBone.swift in Sources */ = {isa = PBXBuildFile; fileRef = 035BBB632B70C9D400D47AD9 /* SkeletonBone.swift */; };
		035BBB662B769BFB00D47AD9 /* Bones.swift in Sources */ = {isa = PBXBuildFile; fileRef = 035BBB652B769BFB00D47AD9 /* Bones.swift */; };
		035BBB682B76A2B300D47AD9 /* BodySkeletonForJointTracking.swift in Sources */ = {isa = PBXBuildFile; fileRef = 035BBB672B76A2B300D47AD9 /* BodySkeletonForJointTracking.swift */; };
		0368BC662BB98FF300244E02 /* JointTrackingView.swift in Sources */ = {isa = PBXBuildFile; fileRef = 0368BC652BB98FF300244E02 /* JointTrackingView.swift */; };
		0368BC722BBBEBF100244E02 /* FeedbackDataManager.swift in Sources */ = {isa = PBXBuildFile; fileRef = 0368BC712BBBEBF100244E02 /* FeedbackDataManager.swift */; };
		0368BC742BC648ED00244E02 /* Logo.png in Resources */ = {isa = PBXBuildFile; fileRef = 0368BC732BC648ED00244E02 /* Logo.png */; };
		03A0C00B2B52CD6A00D2D2B9 /* JointTrackingARView.swift in Sources */ = {isa = PBXBuildFile; fileRef = 03A0C00A2B52CD6A00D2D2B9 /* JointTrackingARView.swift */; };
		03EC996E2BC6688B0052E633 /* Notebooks and Data in Resources */ = {isa = PBXBuildFile; fileRef = 03EC996D2BC6688A0052E633 /* Notebooks and Data */; };
/* End PBXBuildFile section */

/* Begin PBXFileReference section */
		0305404A2B3D53D30009DD26 /* FitBuddy.app */ = {isa = PBXFileReference; explicitFileType = wrapper.application; includeInIndex = 0; path = FitBuddy.app; sourceTree = BUILT_PRODUCTS_DIR; };
		0305404D2B3D53D30009DD26 /* FitBuddyApp.swift */ = {isa = PBXFileReference; lastKnownFileType = sourcecode.swift; path = FitBuddyApp.swift; sourceTree = "<group>"; };
		0305404F2B3D53D30009DD26 /* ContentView.swift */ = {isa = PBXFileReference; lastKnownFileType = sourcecode.swift; path = ContentView.swift; sourceTree = "<group>"; };
		030540512B3D53D50009DD26 /* Assets.xcassets */ = {isa = PBXFileReference; lastKnownFileType = folder.assetcatalog; path = Assets.xcassets; sourceTree = "<group>"; };
		030540542B3D53D50009DD26 /* Preview Assets.xcassets */ = {isa = PBXFileReference; lastKnownFileType = folder.assetcatalog; path = "Preview Assets.xcassets"; sourceTree = "<group>"; };
		031EE2352BA9F69D00035AFD /* DownloadView.swift */ = {isa = PBXFileReference; lastKnownFileType = sourcecode.swift; path = DownloadView.swift; sourceTree = "<group>"; };
		031EE2372BAC703C00035AFD /* FitBuddy-Bridging-Header.h */ = {isa = PBXFileReference; lastKnownFileType = sourcecode.c.h; path = "FitBuddy-Bridging-Header.h"; sourceTree = "<group>"; };
		031EE2382BAC703D00035AFD /* CHCSVParser.m */ = {isa = PBXFileReference; fileEncoding = 4; lastKnownFileType = sourcecode.c.objc; path = CHCSVParser.m; sourceTree = "<group>"; };
		031EE2392BAC703D00035AFD /* CHCSVParser.h */ = {isa = PBXFileReference; fileEncoding = 4; lastKnownFileType = sourcecode.c.h; path = CHCSVParser.h; sourceTree = "<group>"; };
		031EE23B2BAC773C00035AFD /* JointAngleDTO.swift */ = {isa = PBXFileReference; lastKnownFileType = sourcecode.swift; path = JointAngleDTO.swift; sourceTree = "<group>"; };
		031EE23D2BACCC8D00035AFD /* Info.plist */ = {isa = PBXFileReference; lastKnownFileType = text.plist; path = Info.plist; sourceTree = "<group>"; };
		031EE23E2BB48C3500035AFD /* JointsTrainingDTO.swift */ = {isa = PBXFileReference; lastKnownFileType = sourcecode.swift; path = JointsTrainingDTO.swift; sourceTree = "<group>"; };
		031EE2422BB7048000035AFD /* my_model.mlpackage */ = {isa = PBXFileReference; lastKnownFileType = folder.mlpackage; path = my_model.mlpackage; sourceTree = "<group>"; };
		035BBB612B70C9C400D47AD9 /* SkeletonJoint.swift */ = {isa = PBXFileReference; lastKnownFileType = sourcecode.swift; path = SkeletonJoint.swift; sourceTree = "<group>"; };
		035BBB632B70C9D400D47AD9 /* SkeletonBone.swift */ = {isa = PBXFileReference; lastKnownFileType = sourcecode.swift; path = SkeletonBone.swift; sourceTree = "<group>"; };
		035BBB652B769BFB00D47AD9 /* Bones.swift */ = {isa = PBXFileReference; lastKnownFileType = sourcecode.swift; path = Bones.swift; sourceTree = "<group>"; };
		035BBB672B76A2B300D47AD9 /* BodySkeletonForJointTracking.swift */ = {isa = PBXFileReference; lastKnownFileType = sourcecode.swift; path = BodySkeletonForJointTracking.swift; sourceTree = "<group>"; };
		0368BC652BB98FF300244E02 /* JointTrackingView.swift */ = {isa = PBXFileReference; lastKnownFileType = sourcecode.swift; path = JointTrackingView.swift; sourceTree = "<group>"; };
		0368BC712BBBEBF100244E02 /* FeedbackDataManager.swift */ = {isa = PBXFileReference; lastKnownFileType = sourcecode.swift; path = FeedbackDataManager.swift; sourceTree = "<group>"; };
		0368BC732BC648ED00244E02 /* Logo.png */ = {isa = PBXFileReference; lastKnownFileType = image.png; path = Logo.png; sourceTree = "<group>"; };
		03A0C00A2B52CD6A00D2D2B9 /* JointTrackingARView.swift */ = {isa = PBXFileReference; lastKnownFileType = sourcecode.swift; path = JointTrackingARView.swift; sourceTree = "<group>"; };
		03EC996D2BC6688A0052E633 /* Notebooks and Data */ = {isa = PBXFileReference; lastKnownFileType = folder; path = "Notebooks and Data"; sourceTree = "<group>"; };
/* End PBXFileReference section */

/* Begin PBXFrameworksBuildPhase section */
		030540472B3D53D30009DD26 /* Frameworks */ = {
			isa = PBXFrameworksBuildPhase;
			buildActionMask = 2147483647;
			files = (
			);
			runOnlyForDeploymentPostprocessing = 0;
		};
/* End PBXFrameworksBuildPhase section */

/* Begin PBXGroup section */
		030540412B3D53D30009DD26 = {
			isa = PBXGroup;
			children = (
				0305404C2B3D53D30009DD26 /* FitBuddy */,
				0305404B2B3D53D30009DD26 /* Products */,
			);
			sourceTree = "<group>";
		};
		0305404B2B3D53D30009DD26 /* Products */ = {
			isa = PBXGroup;
			children = (
				0305404A2B3D53D30009DD26 /* FitBuddy.app */,
			);
			name = Products;
			sourceTree = "<group>";
		};
		0305404C2B3D53D30009DD26 /* FitBuddy */ = {
			isa = PBXGroup;
			children = (
				03EC996D2BC6688A0052E633 /* Notebooks and Data */,
				031EE2422BB7048000035AFD /* my_model.mlpackage */,
				031EE23D2BACCC8D00035AFD /* Info.plist */,
				031EE2392BAC703D00035AFD /* CHCSVParser.h */,
				031EE2382BAC703D00035AFD /* CHCSVParser.m */,
				035BBB602B70C9A100D47AD9 /* Skeleton */,
				0305404D2B3D53D30009DD26 /* FitBuddyApp.swift */,
				030540512B3D53D50009DD26 /* Assets.xcassets */,
				0368BC732BC648ED00244E02 /* Logo.png */,
				030540532B3D53D50009DD26 /* Preview Content */,
				035BBB672B76A2B300D47AD9 /* BodySkeletonForJointTracking.swift */,
				0368BC672BB9909B00244E02 /* Views */,
				031EE2372BAC703C00035AFD /* FitBuddy-Bridging-Header.h */,
				0368BC682BB997B300244E02 /* DTO */,
				0368BC712BBBEBF100244E02 /* FeedbackDataManager.swift */,
			);
			path = FitBuddy;
			sourceTree = "<group>";
		};
		030540532B3D53D50009DD26 /* Preview Content */ = {
			isa = PBXGroup;
			children = (
				030540542B3D53D50009DD26 /* Preview Assets.xcassets */,
			);
			path = "Preview Content";
			sourceTree = "<group>";
		};
		035BBB602B70C9A100D47AD9 /* Skeleton */ = {
			isa = PBXGroup;
			children = (
				035BBB652B769BFB00D47AD9 /* Bones.swift */,
				035BBB612B70C9C400D47AD9 /* SkeletonJoint.swift */,
				035BBB632B70C9D400D47AD9 /* SkeletonBone.swift */,
			);
			path = Skeleton;
			sourceTree = "<group>";
		};
		0368BC672BB9909B00244E02 /* Views */ = {
			isa = PBXGroup;
			children = (
				03A0C00A2B52CD6A00D2D2B9 /* JointTrackingARView.swift */,
				0305404F2B3D53D30009DD26 /* ContentView.swift */,
				031EE2352BA9F69D00035AFD /* DownloadView.swift */,
				0368BC652BB98FF300244E02 /* JointTrackingView.swift */,
			);
			path = Views;
			sourceTree = "<group>";
		};
		0368BC682BB997B300244E02 /* DTO */ = {
			isa = PBXGroup;
			children = (
				031EE23B2BAC773C00035AFD /* JointAngleDTO.swift */,
				031EE23E2BB48C3500035AFD /* JointsTrainingDTO.swift */,
			);
			path = DTO;
			sourceTree = "<group>";
		};
/* End PBXGroup section */

/* Begin PBXNativeTarget section */
		030540492B3D53D30009DD26 /* FitBuddy */ = {
			isa = PBXNativeTarget;
			buildConfigurationList = 030540582B3D53D50009DD26 /* Build configuration list for PBXNativeTarget "FitBuddy" */;
			buildPhases = (
				030540462B3D53D30009DD26 /* Sources */,
				030540472B3D53D30009DD26 /* Frameworks */,
				030540482B3D53D30009DD26 /* Resources */,
			);
			buildRules = (
			);
			dependencies = (
			);
			name = FitBuddy;
			productName = FitBuddy;
			productReference = 0305404A2B3D53D30009DD26 /* FitBuddy.app */;
			productType = "com.apple.product-type.application";
		};
/* End PBXNativeTarget section */

/* Begin PBXProject section */
		030540422B3D53D30009DD26 /* Project object */ = {
			isa = PBXProject;
			attributes = {
				BuildIndependentTargetsInParallel = 1;
				LastSwiftUpdateCheck = 1420;
				LastUpgradeCheck = 1420;
				TargetAttributes = {
					030540492B3D53D30009DD26 = {
						CreatedOnToolsVersion = 14.2;
						LastSwiftMigration = 1520;
					};
				};
			};
			buildConfigurationList = 030540452B3D53D30009DD26 /* Build configuration list for PBXProject "FitBuddy" */;
			compatibilityVersion = "Xcode 14.0";
			developmentRegion = en;
			hasScannedForEncodings = 0;
			knownRegions = (
				en,
				Base,
			);
			mainGroup = 030540412B3D53D30009DD26;
			productRefGroup = 0305404B2B3D53D30009DD26 /* Products */;
			projectDirPath = "";
			projectRoot = "";
			targets = (
				030540492B3D53D30009DD26 /* FitBuddy */,
			);
		};
/* End PBXProject section */

/* Begin PBXResourcesBuildPhase section */
		030540482B3D53D30009DD26 /* Resources */ = {
			isa = PBXResourcesBuildPhase;
			buildActionMask = 2147483647;
			files = (
				0368BC742BC648ED00244E02 /* Logo.png in Resources */,
				030540552B3D53D50009DD26 /* Preview Assets.xcassets in Resources */,
				030540522B3D53D50009DD26 /* Assets.xcassets in Resources */,
				03EC996E2BC6688B0052E633 /* Notebooks and Data in Resources */,
			);
			runOnlyForDeploymentPostprocessing = 0;
		};
/* End PBXResourcesBuildPhase section */

/* Begin PBXSourcesBuildPhase section */
		030540462B3D53D30009DD26 /* Sources */ = {
			isa = PBXSourcesBuildPhase;
			buildActionMask = 2147483647;
			files = (
				031EE2362BA9F69E00035AFD /* DownloadView.swift in Sources */,
				035BBB682B76A2B300D47AD9 /* BodySkeletonForJointTracking.swift in Sources */,
				030540502B3D53D30009DD26 /* ContentView.swift in Sources */,
				035BBB662B769BFB00D47AD9 /* Bones.swift in Sources */,
				031EE23C2BAC773C00035AFD /* JointAngleDTO.swift in Sources */,
				035BBB642B70C9D400D47AD9 /* SkeletonBone.swift in Sources */,
				0368BC662BB98FF300244E02 /* JointTrackingView.swift in Sources */,
				0368BC722BBBEBF100244E02 /* FeedbackDataManager.swift in Sources */,
				0305404E2B3D53D30009DD26 /* FitBuddyApp.swift in Sources */,
				031EE2432BB7048000035AFD /* my_model.mlpackage in Sources */,
				031EE23F2BB48C3500035AFD /* JointsTrainingDTO.swift in Sources */,
				03A0C00B2B52CD6A00D2D2B9 /* JointTrackingARView.swift in Sources */,
				035BBB622B70C9C400D47AD9 /* SkeletonJoint.swift in Sources */,
				031EE23A2BAC703E00035AFD /* CHCSVParser.m in Sources */,
			);
			runOnlyForDeploymentPostprocessing = 0;
		};
/* End PBXSourcesBuildPhase section */

/* Begin XCBuildConfiguration section */
		030540562B3D53D50009DD26 /* Debug */ = {
			isa = XCBuildConfiguration;
			buildSettings = {
				ALWAYS_SEARCH_USER_PATHS = NO;
				CLANG_ANALYZER_NONNULL = YES;
				CLANG_ANALYZER_NUMBER_OBJECT_CONVERSION = YES_AGGRESSIVE;
				CLANG_CXX_LANGUAGE_STANDARD = "gnu++20";
				CLANG_ENABLE_MODULES = YES;
				CLANG_ENABLE_OBJC_ARC = YES;
				CLANG_ENABLE_OBJC_WEAK = YES;
				CLANG_WARN_BLOCK_CAPTURE_AUTORELEASING = YES;
				CLANG_WARN_BOOL_CONVERSION = YES;
				CLANG_WARN_COMMA = YES;
				CLANG_WARN_CONSTANT_CONVERSION = YES;
				CLANG_WARN_DEPRECATED_OBJC_IMPLEMENTATIONS = YES;
				CLANG_WARN_DIRECT_OBJC_ISA_USAGE = YES_ERROR;
				CLANG_WARN_DOCUMENTATION_COMMENTS = YES;
				CLANG_WARN_EMPTY_BODY = YES;
				CLANG_WARN_ENUM_CONVERSION = YES;
				CLANG_WARN_INFINITE_RECURSION = YES;
				CLANG_WARN_INT_CONVERSION = YES;
				CLANG_WARN_NON_LITERAL_NULL_CONVERSION = YES;
				CLANG_WARN_OBJC_IMPLICIT_RETAIN_SELF = YES;
				CLANG_WARN_OBJC_LITERAL_CONVERSION = YES;
				CLANG_WARN_OBJC_ROOT_CLASS = YES_ERROR;
				CLANG_WARN_QUOTED_INCLUDE_IN_FRAMEWORK_HEADER = YES;
				CLANG_WARN_RANGE_LOOP_ANALYSIS = YES;
				CLANG_WARN_STRICT_PROTOTYPES = YES;
				CLANG_WARN_SUSPICIOUS_MOVE = YES;
				CLANG_WARN_UNGUARDED_AVAILABILITY = YES_AGGRESSIVE;
				CLANG_WARN_UNREACHABLE_CODE = YES;
				CLANG_WARN__DUPLICATE_METHOD_MATCH = YES;
				COPY_PHASE_STRIP = NO;
				DEBUG_INFORMATION_FORMAT = dwarf;
				ENABLE_STRICT_OBJC_MSGSEND = YES;
				ENABLE_TESTABILITY = YES;
				GCC_C_LANGUAGE_STANDARD = gnu11;
				GCC_DYNAMIC_NO_PIC = NO;
				GCC_NO_COMMON_BLOCKS = YES;
				GCC_OPTIMIZATION_LEVEL = 0;
				GCC_PREPROCESSOR_DEFINITIONS = (
					"DEBUG=1",
					"$(inherited)",
				);
				GCC_WARN_64_TO_32_BIT_CONVERSION = YES;
				GCC_WARN_ABOUT_RETURN_TYPE = YES_ERROR;
				GCC_WARN_UNDECLARED_SELECTOR = YES;
				GCC_WARN_UNINITIALIZED_AUTOS = YES_AGGRESSIVE;
				GCC_WARN_UNUSED_FUNCTION = YES;
				GCC_WARN_UNUSED_VARIABLE = YES;
				IPHONEOS_DEPLOYMENT_TARGET = 16.2;
				MTL_ENABLE_DEBUG_INFO = INCLUDE_SOURCE;
				MTL_FAST_MATH = YES;
				ONLY_ACTIVE_ARCH = YES;
				SDKROOT = iphoneos;
				SWIFT_ACTIVE_COMPILATION_CONDITIONS = DEBUG;
				SWIFT_OPTIMIZATION_LEVEL = "-Onone";
			};
			name = Debug;
		};
		030540572B3D53D50009DD26 /* Release */ = {
			isa = XCBuildConfiguration;
			buildSettings = {
				ALWAYS_SEARCH_USER_PATHS = NO;
				CLANG_ANALYZER_NONNULL = YES;
				CLANG_ANALYZER_NUMBER_OBJECT_CONVERSION = YES_AGGRESSIVE;
				CLANG_CXX_LANGUAGE_STANDARD = "gnu++20";
				CLANG_ENABLE_MODULES = YES;
				CLANG_ENABLE_OBJC_ARC = YES;
				CLANG_ENABLE_OBJC_WEAK = YES;
				CLANG_WARN_BLOCK_CAPTURE_AUTORELEASING = YES;
				CLANG_WARN_BOOL_CONVERSION = YES;
				CLANG_WARN_COMMA = YES;
				CLANG_WARN_CONSTANT_CONVERSION = YES;
				CLANG_WARN_DEPRECATED_OBJC_IMPLEMENTATIONS = YES;
				CLANG_WARN_DIRECT_OBJC_ISA_USAGE = YES_ERROR;
				CLANG_WARN_DOCUMENTATION_COMMENTS = YES;
				CLANG_WARN_EMPTY_BODY = YES;
				CLANG_WARN_ENUM_CONVERSION = YES;
				CLANG_WARN_INFINITE_RECURSION = YES;
				CLANG_WARN_INT_CONVERSION = YES;
				CLANG_WARN_NON_LITERAL_NULL_CONVERSION = YES;
				CLANG_WARN_OBJC_IMPLICIT_RETAIN_SELF = YES;
				CLANG_WARN_OBJC_LITERAL_CONVERSION = YES;
				CLANG_WARN_OBJC_ROOT_CLASS = YES_ERROR;
				CLANG_WARN_QUOTED_INCLUDE_IN_FRAMEWORK_HEADER = YES;
				CLANG_WARN_RANGE_LOOP_ANALYSIS = YES;
				CLANG_WARN_STRICT_PROTOTYPES = YES;
				CLANG_WARN_SUSPICIOUS_MOVE = YES;
				CLANG_WARN_UNGUARDED_AVAILABILITY = YES_AGGRESSIVE;
				CLANG_WARN_UNREACHABLE_CODE = YES;
				CLANG_WARN__DUPLICATE_METHOD_MATCH = YES;
				COPY_PHASE_STRIP = NO;
				DEBUG_INFORMATION_FORMAT = "dwarf-with-dsym";
				ENABLE_NS_ASSERTIONS = NO;
				ENABLE_STRICT_OBJC_MSGSEND = YES;
				GCC_C_LANGUAGE_STANDARD = gnu11;
				GCC_NO_COMMON_BLOCKS = YES;
				GCC_WARN_64_TO_32_BIT_CONVERSION = YES;
				GCC_WARN_ABOUT_RETURN_TYPE = YES_ERROR;
				GCC_WARN_UNDECLARED_SELECTOR = YES;
				GCC_WARN_UNINITIALIZED_AUTOS = YES_AGGRESSIVE;
				GCC_WARN_UNUSED_FUNCTION = YES;
				GCC_WARN_UNUSED_VARIABLE = YES;
				IPHONEOS_DEPLOYMENT_TARGET = 16.2;
				MTL_ENABLE_DEBUG_INFO = NO;
				MTL_FAST_MATH = YES;
				SDKROOT = iphoneos;
				SWIFT_COMPILATION_MODE = wholemodule;
				SWIFT_OPTIMIZATION_LEVEL = "-O";
				VALIDATE_PRODUCT = YES;
			};
			name = Release;
		};
		030540592B3D53D50009DD26 /* Debug */ = {
			isa = XCBuildConfiguration;
			buildSettings = {
				ASSETCATALOG_COMPILER_APPICON_NAME = AppIcon;
				ASSETCATALOG_COMPILER_GLOBAL_ACCENT_COLOR_NAME = AccentColor;
				CLANG_ENABLE_MODULES = YES;
				CODE_SIGN_STYLE = Automatic;
				CURRENT_PROJECT_VERSION = 1;
				DEVELOPMENT_ASSET_PATHS = "\"FitBuddy/Preview Content\"";
				DEVELOPMENT_TEAM = H2LJ47K9VG;
				ENABLE_PREVIEWS = YES;
				GENERATE_INFOPLIST_FILE = YES;
				INFOPLIST_FILE = FitBuddy/Info.plist;
				INFOPLIST_KEY_LSSupportsOpeningDocumentsInPlace = YES;
				INFOPLIST_KEY_NSCameraUsageDescription = "This App requires the camera to enable AR features";
				INFOPLIST_KEY_UIApplicationSceneManifest_Generation = YES;
				INFOPLIST_KEY_UIApplicationSupportsIndirectInputEvents = YES;
				INFOPLIST_KEY_UILaunchScreen_Generation = YES;
				INFOPLIST_KEY_UISupportedInterfaceOrientations_iPad = "UIInterfaceOrientationPortrait UIInterfaceOrientationPortraitUpsideDown UIInterfaceOrientationLandscapeLeft UIInterfaceOrientationLandscapeRight";
				INFOPLIST_KEY_UISupportedInterfaceOrientations_iPhone = "UIInterfaceOrientationPortrait UIInterfaceOrientationLandscapeLeft UIInterfaceOrientationLandscapeRight";
				IPHONEOS_DEPLOYMENT_TARGET = 15.1;
				LD_RUNPATH_SEARCH_PATHS = (
					"$(inherited)",
					"@executable_path/Frameworks",
				);
				MARKETING_VERSION = 1.0;
				PRODUCT_BUNDLE_IDENTIFIER = com.sachin.FitBuddy;
				PRODUCT_NAME = "$(TARGET_NAME)";
				SWIFT_EMIT_LOC_STRINGS = YES;
				SWIFT_OBJC_BRIDGING_HEADER = "FitBuddy/FitBuddy-Bridging-Header.h";
				SWIFT_OPTIMIZATION_LEVEL = "-Onone";
				SWIFT_VERSION = 5.0;
				TARGETED_DEVICE_FAMILY = "1,2";
			};
			name = Debug;
		};
		0305405A2B3D53D50009DD26 /* Release */ = {
			isa = XCBuildConfiguration;
			buildSettings = {
				ASSETCATALOG_COMPILER_APPICON_NAME = AppIcon;
				ASSETCATALOG_COMPILER_GLOBAL_ACCENT_COLOR_NAME = AccentColor;
				CLANG_ENABLE_MODULES = YES;
				CODE_SIGN_STYLE = Automatic;
				CURRENT_PROJECT_VERSION = 1;
				DEVELOPMENT_ASSET_PATHS = "\"FitBuddy/Preview Content\"";
				DEVELOPMENT_TEAM = H2LJ47K9VG;
				ENABLE_PREVIEWS = YES;
				GENERATE_INFOPLIST_FILE = YES;
				INFOPLIST_FILE = FitBuddy/Info.plist;
				INFOPLIST_KEY_LSSupportsOpeningDocumentsInPlace = YES;
				INFOPLIST_KEY_NSCameraUsageDescription = "This App requires the camera to enable AR features";
				INFOPLIST_KEY_UIApplicationSceneManifest_Generation = YES;
				INFOPLIST_KEY_UIApplicationSupportsIndirectInputEvents = YES;
				INFOPLIST_KEY_UILaunchScreen_Generation = YES;
				INFOPLIST_KEY_UISupportedInterfaceOrientations_iPad = "UIInterfaceOrientationPortrait UIInterfaceOrientationPortraitUpsideDown UIInterfaceOrientationLandscapeLeft UIInterfaceOrientationLandscapeRight";
				INFOPLIST_KEY_UISupportedInterfaceOrientations_iPhone = "UIInterfaceOrientationPortrait UIInterfaceOrientationLandscapeLeft UIInterfaceOrientationLandscapeRight";
				IPHONEOS_DEPLOYMENT_TARGET = 15.1;
				LD_RUNPATH_SEARCH_PATHS = (
					"$(inherited)",
					"@executable_path/Frameworks",
				);
				MARKETING_VERSION = 1.0;
				PRODUCT_BUNDLE_IDENTIFIER = com.sachin.FitBuddy;
				PRODUCT_NAME = "$(TARGET_NAME)";
				SWIFT_EMIT_LOC_STRINGS = YES;
				SWIFT_OBJC_BRIDGING_HEADER = "FitBuddy/FitBuddy-Bridging-Header.h";
				SWIFT_VERSION = 5.0;
				TARGETED_DEVICE_FAMILY = "1,2";
			};
			name = Release;
		};
/* End XCBuildConfiguration section */

/* Begin XCConfigurationList section */
		030540452B3D53D30009DD26 /* Build configuration list for PBXProject "FitBuddy" */ = {
			isa = XCConfigurationList;
			buildConfigurations = (
				030540562B3D53D50009DD26 /* Debug */,
				030540572B3D53D50009DD26 /* Release */,
			);
			defaultConfigurationIsVisible = 0;
			defaultConfigurationName = Release;
		};
		030540582B3D53D50009DD26 /* Build configuration list for PBXNativeTarget "FitBuddy" */ = {
			isa = XCConfigurationList;
			buildConfigurations = (
				030540592B3D53D50009DD26 /* Debug */,
				0305405A2B3D53D50009DD26 /* Release */,
			);
			defaultConfigurationIsVisible = 0;
			defaultConfigurationName = Release;
		};
/* End XCConfigurationList section */
	};
	rootObject = 030540422B3D53D30009DD26 /* Project object */;
}
